
Microsoft Visual Studio Solution File, Format Version 12.00
# Visual Studio Version 16
VisualStudioVersion = 16.0.34114.132
MinimumVisualStudioVersion = 10.0.40219.1
Project("{FAE04EC0-301F-11D3-BF4B-00C04F79EFBC}") = "чзхноваялаба", "чзхноваялаба\чзхноваялаба.csproj", "{5A944213-CF05-4958-B730-E8B1F17581A3}"
EndProject
Global
	GlobalSection(SolutionConfigurationPlatforms) = preSolution
		Debug|Any CPU = Debug|Any CPU
		Release|Any CPU = Release|Any CPU
	EndGlobalSection
	GlobalSection(ProjectConfigurationPlatforms) = postSolution
		{5A944213-CF05-4958-B730-E8B1F17581A3}.Debug|Any CPU.ActiveCfg = Debug|Any CPU
		{5A944213-CF05-4958-B730-E8B1F17581A3}.Debug|Any CPU.Build.0 = Debug|Any CPU
		{5A944213-CF05-4958-B730-E8B1F17581A3}.Release|Any CPU.ActiveCfg = Release|Any CPU
		{5A944213-CF05-4958-B730-E8B1F17581A3}.Release|Any CPU.Build.0 = Release|Any CPU
	EndGlobalSection
	GlobalSection(SolutionProperties) = preSolution
		HideSolutionNode = FALSE
	EndGlobalSection
	GlobalSection(ExtensibilityGlobals) = postSolution
		SolutionGuid = {50E88ACB-32EA-4E6A-8F89-036759ECF44A}
	EndGlobalSection
EndGlobal
